
Microsoft Visual Studio Solution File, Format Version 12.00
# Visual Studio 14
VisualStudioVersion = 14.0.23107.0
MinimumVisualStudioVersion = 10.0.40219.1
Project("{FAE04EC0-301F-11D3-BF4B-00C04F79EFBC}") = "RevitAPI_WPFCreateDuctFromPoint", "RevitAPI_WPFCreateDuctFromPoint\RevitAPI_WPFCreateDuctFromPoint.csproj", "{1395C525-7086-4151-BBE4-BF7581DF5ED5}"
EndProject
Project("{FAE04EC0-301F-11D3-BF4B-00C04F79EFBC}") = "RevitAPI_WPFAddFurniture", "RevitAPI_WPFAddFurniture\RevitAPI_WPFAddFurniture.csproj", "{C8346F1A-292E-4345-AEB8-1911A5550B21}"
EndProject
Project("{FAE04EC0-301F-11D3-BF4B-00C04F79EFBC}") = "RevitAPI_WPFElementBetweenPoints", "RevitAPI_WPFElementBetweenPoints\RevitAPI_WPFElementBetweenPoints.csproj", "{D2F926CD-A66A-41E3-A344-5C986D2E459D}"
EndProject
Global
	GlobalSection(SolutionConfigurationPlatforms) = preSolution
		Debug|Any CPU = Debug|Any CPU
		Release|Any CPU = Release|Any CPU
	EndGlobalSection
	GlobalSection(ProjectConfigurationPlatforms) = postSolution
		{1395C525-7086-4151-BBE4-BF7581DF5ED5}.Debug|Any CPU.ActiveCfg = Debug|Any CPU
		{1395C525-7086-4151-BBE4-BF7581DF5ED5}.Debug|Any CPU.Build.0 = Debug|Any CPU
		{1395C525-7086-4151-BBE4-BF7581DF5ED5}.Release|Any CPU.ActiveCfg = Release|Any CPU
		{1395C525-7086-4151-BBE4-BF7581DF5ED5}.Release|Any CPU.Build.0 = Release|Any CPU
		{C8346F1A-292E-4345-AEB8-1911A5550B21}.Debug|Any CPU.ActiveCfg = Debug|Any CPU
		{C8346F1A-292E-4345-AEB8-1911A5550B21}.Debug|Any CPU.Build.0 = Debug|Any CPU
		{C8346F1A-292E-4345-AEB8-1911A5550B21}.Release|Any CPU.ActiveCfg = Release|Any CPU
		{C8346F1A-292E-4345-AEB8-1911A5550B21}.Release|Any CPU.Build.0 = Release|Any CPU
		{D2F926CD-A66A-41E3-A344-5C986D2E459D}.Debug|Any CPU.ActiveCfg = Debug|Any CPU
		{D2F926CD-A66A-41E3-A344-5C986D2E459D}.Debug|Any CPU.Build.0 = Debug|Any CPU
		{D2F926CD-A66A-41E3-A344-5C986D2E459D}.Release|Any CPU.ActiveCfg = Release|Any CPU
		{D2F926CD-A66A-41E3-A344-5C986D2E459D}.Release|Any CPU.Build.0 = Release|Any CPU
	EndGlobalSection
	GlobalSection(SolutionProperties) = preSolution
		HideSolutionNode = FALSE
	EndGlobalSection
EndGlobal
